
Microsoft Visual Studio Solution File, Format Version 12.00
# Visual Studio Version 17
VisualStudioVersion = 17.0.32014.148
MinimumVisualStudioVersion = 10.0.40219.1
Project("{9A19103F-16F7-4668-BE54-9A1E7A4F7556}") = "EmailDup", "EmailDup.NET7.csproj", "{35586266-DF44-4EBB-90E4-FA5E59D944B6}"
EndProject
Global
	GlobalSection(SolutionConfigurationPlatforms) = preSolution
		Debug|Any CPU = Debug|Any CPU
		Release|Any CPU = Release|Any CPU
	EndGlobalSection
	GlobalSection(ProjectConfigurationPlatforms) = postSolution
		{35586266-DF44-4EBB-90E4-FA5E59D944B6}.Debug|Any CPU.ActiveCfg = Debug|Any CPU
		{35586266-DF44-4EBB-90E4-FA5E59D944B6}.Debug|Any CPU.Build.0 = Debug|Any CPU
		{35586266-DF44-4EBB-90E4-FA5E59D944B6}.Release|Any CPU.ActiveCfg = Release|Any CPU
		{35586266-DF44-4EBB-90E4-FA5E59D944B6}.Release|Any CPU.Build.0 = Release|Any CPU
	EndGlobalSection
	GlobalSection(SolutionProperties) = preSolution
		HideSolutionNode = FALSE
	EndGlobalSection
	GlobalSection(ExtensibilityGlobals) = postSolution
		SolutionGuid = {933D69BB-0600-4E57-B51D-5C49EC45C021}
	EndGlobalSection
EndGlobal
